<?xml version="1.0" encoding="utf-8"?>
<Project ToolsVersion="18.0" xmlns="http://schemas.microsoft.com/developer/msbuild/2003">
  <ItemGroup>
    <CustomBuild Include="C:\Users\Ilnur\Desktop\labor1\mp2-practice\AribzhanovIR\sln\CMakeFiles\9ca8441508fa9fcf80d3d9514f83155d\RUN_TESTS_force.rule">
      <Filter>CMake Rules</Filter>
    </CustomBuild>
  </ItemGroup>
  <ItemGroup>
    <Filter Include="CMake Rules">
      <UniqueIdentifier>{A6F63A76-F866-3836-A5E0-41B4CA3084D5}</UniqueIdentifier>
    </Filter>
  </ItemGroup>
</Project>
