
<Solution>
	<Configurations>
		<Platform Name="x64" />
	</Configurations>
	<Project Path="ALL_BUILD.vcxproj" Id="0c5fd1d9-6044-330d-b4d3-40379c99642d" DefaultStartup="true">
		<BuildDependency Project="ZERO_CHECK.vcxproj" />
		<BuildDependency Project="_deps/googletest-build/googlemock/gmock.vcxproj" />
		<BuildDependency Project="_deps/googletest-build/googlemock/gmock_main.vcxproj" />
		<BuildDependency Project="_deps/googletest-build/googletest/gtest.vcxproj" />
		<BuildDependency Project="_deps/googletest-build/googletest/gtest_main.vcxproj" />
		<BuildDependency Project="samples/sample_prime_numbers.vcxproj" />
		<BuildDependency Project="src/set.vcxproj" />
		<BuildDependency Project="test/test_set.vcxproj" />
	</Project>
	<Project Path="INSTALL.vcxproj" Id="e2b94472-b955-36f4-87f1-711aadc0bee8">
		<BuildDependency Project="ALL_BUILD.vcxproj" />
		<BuildDependency Project="ZERO_CHECK.vcxproj" />
		<Build Project="false" />
	</Project>
	<Project Path="RUN_TESTS.vcxproj" Id="e2005b25-c36e-31df-9172-7f0e719a8fff">
		<BuildDependency Project="ZERO_CHECK.vcxproj" />
		<Build Project="false" />
	</Project>
	<Project Path="ZERO_CHECK.vcxproj" Id="95983c73-8ca2-3a37-9daa-668a6cbc61f5" />
	<Project Path="_deps/googletest-build/googlemock/gmock.vcxproj" Id="7a7c61ab-15e0-3bbe-b673-b1f396f83ff0">
		<BuildDependency Project="ZERO_CHECK.vcxproj" />
	</Project>
	<Project Path="_deps/googletest-build/googlemock/gmock_main.vcxproj" Id="4c7464ec-6890-3ce5-b827-e5a092e8ced0">
		<BuildDependency Project="ZERO_CHECK.vcxproj" />
	</Project>
	<Project Path="_deps/googletest-build/googletest/gtest.vcxproj" Id="b67d72a4-056d-3baa-9545-841c3bdf5669">
		<BuildDependency Project="ZERO_CHECK.vcxproj" />
	</Project>
	<Project Path="_deps/googletest-build/googletest/gtest_main.vcxproj" Id="1412ca79-80d4-320f-b763-41b68d1a6c3a">
		<BuildDependency Project="ZERO_CHECK.vcxproj" />
		<BuildDependency Project="_deps/googletest-build/googletest/gtest.vcxproj" />
	</Project>
	<Project Path="samples/sample_prime_numbers.vcxproj" Id="9ca04a2f-1c0b-3573-a1bf-e6bb812191d0">
		<BuildDependency Project="ZERO_CHECK.vcxproj" />
		<BuildDependency Project="src/set.vcxproj" />
	</Project>
	<Project Path="src/set.vcxproj" Id="72eab111-709f-3ce3-aa82-684a3564627b">
		<BuildDependency Project="ZERO_CHECK.vcxproj" />
	</Project>
	<Project Path="test/test_set.vcxproj" Id="8f90aabd-ce1c-38b4-8665-cadff94f8e6e">
		<BuildDependency Project="ZERO_CHECK.vcxproj" />
		<BuildDependency Project="_deps/googletest-build/googletest/gtest.vcxproj" />
		<BuildDependency Project="_deps/googletest-build/googletest/gtest_main.vcxproj" />
		<BuildDependency Project="src/set.vcxproj" />
	</Project>
</Solution>
